{
  "requires": true,
  "lockfileVersion": 1,
  "dependencies": {
    "primeicons": {
      "version": "1.0.0-beta.7",
      "resolved": "https://registry.npmjs.org/primeicons/-/primeicons-1.0.0-beta.7.tgz",
      "integrity": "sha512-ZJ4Rp/eajP1FGT2Q5vviT/ty7/FWyztNJzd/CHxEgqxKiLVp0jWno/c3VOUeKVaNA6xbMjc+w9YYxGeYT+z5HQ=="
    },
    "primeng": {
      "version": "6.0.0-beta.1",
      "resolved": "https://registry.npmjs.org/primeng/-/primeng-6.0.0-beta.1.tgz",
      "integrity": "sha512-4kYguOZYVbg6CFm2D3FYGnaJIeKnv+wEW5ovfs1eLhb7pi6/FsS5t45dOFoE8as1uPkb8up4XVqJKgHHkhoS2w=="
    }
  }
}
